lockfileVersion: '6.0'

dependencies:
  '@vue/reactivity':
    specifier: ^3.3.2
    version: 3.3.2
  '@waline/api':
    specifier: 1.0.0-alpha.0
    version: 1.0.0-alpha.0
  lit-html:
    specifier: ^2.7.4
    version: 2.7.4

devDependencies:
  typescript:
    specifier: ^5.0.4
    version: 5.0.4

packages:

  /@types/trusted-types@2.0.3:
    resolution: {integrity: sha512-NfQ4gyz38SL8sDNrSixxU2Os1a5xcdFxipAFxYEuLUlvU2uDwS4NUpsImcf1//SlWItCVMMLiylsxbmNMToV/g==}
    dev: false

  /@vue/reactivity@3.3.2:
    resolution: {integrity: sha512-yX8C4uTgg2Tdj+512EEMnMKbLveoITl7YdQX35AYgx8vBvQGszKiiCN46g4RY6/deeo/5DLbeUUGxCq1qWMf5g==}
    dependencies:
      '@vue/shared': 3.3.2
    dev: false

  /@vue/shared@3.3.2:
    resolution: {integrity: sha512-0rFu3h8JbclbnvvKrs7Fe5FNGV9/5X2rPD7KmOzhLSUAiQH5//Hq437Gv0fR5Mev3u/nbtvmLl8XgwCU20/ZfQ==}
    dev: false

  /@waline/api@1.0.0-alpha.0:
    resolution: {integrity: sha512-ZPjRfLGaMfQvGOFf77Yz5XhnaLk3AW2ZWRx7mTEsEdtremu5ATS5G9gwipXxxG7auQ9sDDCZKH6WEofVwp6CGQ==}
    engines: {node: '>=14'}
    dev: false

  /lit-html@2.7.4:
    resolution: {integrity: sha512-/Jw+FBpeEN+z8X6PJva5n7+0MzCVAH2yypN99qHYYkq8bI+j7I39GH+68Z/MZD6rGKDK9RpzBw7CocfmHfq6+g==}
    dependencies:
      '@types/trusted-types': 2.0.3
    dev: false

  /typescript@5.0.4:
    resolution: {integrity: sha512-cW9T5W9xY37cc+jfEnaUvX91foxtHkza3Nw3wkoF4sSlKn0MONdkdEndig/qPBWXNkmplh3NzayQzCiHM4/hqw==}
    engines: {node: '>=12.20'}
    hasBin: true
    dev: true
